{
    "name": "rsk-swap-integration-tests",
    "version": "1.0.0",
    "lockfileVersion": 3,
    "requires": true,
    "packages": {
        "": {
            "name": "rsk-swap-integration-tests",
            "version": "1.0.0",
            "license": "ISC",
            "dependencies": {
                "@rsksmart/rsk-swap-sdk": "file:.."
            },
            "devDependencies": {}
        },
        "..": {
            "name": "@rsksmart/rsk-swap-sdk",
            "version": "1.5.0-beta.1",
            "license": "ISC",
            "dependencies": {
                "@noble/hashes": "^1.7.1",
                "@rsksmart/bridges-core-sdk": "^0.6.0",
                "@vulpemventures/secp256k1-zkp": "^3.2.1",
                "bip32": "^5.0.1",
                "bip39": "^3.1.0",
                "bitcoinjs-lib": "^7.0.1",
                "bolt11": "^1.4.1",
                "boltz-core": "^3.0.0",
                "ecpair": "^3.0.0",
                "qrcode": "^1.5.4",
                "tiny-secp256k1": "^2.2.3"
            },
            "devDependencies": {
                "@eslint/js": "^9.39.4",
                "@rollup/plugin-commonjs": "^29.0.2",
                "@rollup/plugin-json": "^6.0.0",
                "@rollup/plugin-node-resolve": "^16.0.3",
                "@typechain/ethers-v5": "^11.1.2",
                "@types/json-bigint": "^1.0.4",
                "@types/qrcode": "^1.5.6",
                "eslint": "^9.39.4",
                "glob": "^13.0.6",
                "globals": "^17.4.0",
                "json-bigint": "^1.0.0",
                "rollup": "^4.60.2",
                "rollup-plugin-dts": "^6.4.1",
                "rollup-plugin-polyfill-node": "^0.13.0",
                "rollup-plugin-string": "^3.0.0",
                "rollup-plugin-typescript2": "^0.37.0",
                "swagger-typescript-api": "^13.0.23",
                "ts-jest": "^29.0.5",
                "typechain": "^8.1.1",
                "typedoc": "^0.28.19",
                "typedoc-plugin-markdown": "^3.15.3",
                "typescript": "^6.0.3",
                "typescript-eslint": "^8.58.1"
            }
        },
        "node_modules/@rsksmart/rsk-swap-sdk": {
            "resolved": "..",
            "link": true
        }
    }
}
